// !$*UTF8*$!
{
	archiveVersion = 1;
	classes = {
	};
	objectVersion = 46;
	objects = {

/* Begin PBXBuildFile section */
		BC03F1101ED58D3D00F49585 /* VideoPlayViewController.m in Sources */ = {isa = PBXBuildFile; fileRef = BC03F10F1ED58D3D00F49585 /* VideoPlayViewController.m */; };
		BC15C1E71ECEC68A00CEF6F8 /* main.m in Sources */ = {isa = PBXBuildFile; fileRef = BC15C1E61ECEC68A00CEF6F8 /* main.m */; };
		BC15C1EA1ECEC68A00CEF6F8 /* AppDelegate.m in Sources */ = {isa = PBXBuildFile; fileRef = BC15C1E91ECEC68A00CEF6F8 /* AppDelegate.m */; };
		BC15C1ED1ECEC68A00CEF6F8 /* ViewController.m in Sources */ = {isa = PBXBuildFile; fileRef = BC15C1EC1ECEC68A00CEF6F8 /* ViewController.m */; };
		BC15C1F01ECEC68A00CEF6F8 /* Main.storyboard in Resources */ = {isa = PBXBuildFile; fileRef = BC15C1EE1ECEC68A00CEF6F8 /* Main.storyboard */; };
		BC15C1F21ECEC68A00CEF6F8 /* Assets.xcassets in Resources */ = {isa = PBXBuildFile; fileRef = BC15C1F11ECEC68A00CEF6F8 /* Assets.xcassets */; };
		BC15C1F51ECEC68A00CEF6F8 /* LaunchScreen.storyboard in Resources */ = {isa = PBXBuildFile; fileRef = BC15C1F31ECEC68A00CEF6F8 /* LaunchScreen.storyboard */; };
		BC15CAEF1EFBC67700FFAFEF /* UIImage+Utils.m in Sources */ = {isa = PBXBuildFile; fileRef = BC15CAEE1EFBC67700FFAFEF /* UIImage+Utils.m */; };
		BC15CAF21EFBC7C500FFAFEF /* SKCamera+Helper.m in Sources */ = {isa = PBXBuildFile; fileRef = BC15CAF11EFBC7C500FFAFEF /* SKCamera+Helper.m */; };
		BC29A95E1ED6E1ED00802435 /* UIButton+PreventMultipleClicks.m in Sources */ = {isa = PBXBuildFile; fileRef = BC29A95D1ED6E1ED00802435 /* UIButton+PreventMultipleClicks.m */; };
		BC29A9611ED6E61500802435 /* SKButton.m in Sources */ = {isa = PBXBuildFile; fileRef = BC29A9601ED6E61500802435 /* SKButton.m */; };
		BCED35051ED2C0B9000AD97F /* RecordViewController.m in Sources */ = {isa = PBXBuildFile; fileRef = BCED35041ED2C0B9000AD97F /* RecordViewController.m */; };
		BCED350B1ED2E05D000AD97F /* CircleProgressView.m in Sources */ = {isa = PBXBuildFile; fileRef = BCED350A1ED2E05D000AD97F /* CircleProgressView.m */; };
		BCED35141ED2E911000AD97F /* SKCamera.m in Sources */ = {isa = PBXBuildFile; fileRef = BCED35101ED2E911000AD97F /* SKCamera.m */; };
		BCED353D1ED2EE33000AD97F /* ViewUtils.m in Sources */ = {isa = PBXBuildFile; fileRef = BCED353C1ED2EE33000AD97F /* ViewUtils.m */; };
		BCED35411ED2F77B000AD97F /* TopControlView.m in Sources */ = {isa = PBXBuildFile; fileRef = BCED35401ED2F77B000AD97F /* TopControlView.m */; };
		BCED35471ED2F7DA000AD97F /* BottomControlView.m in Sources */ = {isa = PBXBuildFile; fileRef = BCED35461ED2F7DA000AD97F /* BottomControlView.m */; };
		BCF9D5871F0CB8F000FFBE58 /* CALayer+ControlAnimation.m in Sources */ = {isa = PBXBuildFile; fileRef = BCF9D5861F0CB8F000FFBE58 /* CALayer+ControlAnimation.m */; };
		DA8318F53FA2BE638A2C4490 /* libPods-SKCameraDemo.a in Frameworks */ = {isa = PBXBuildFile; fileRef = B3590D02F506CE9DC1F8BBE3 /* libPods-SKCameraDemo.a */; };
/* End PBXBuildFile section */

/* Begin PBXFileReference section */
		1D3DA436879F426EB90DDE82 /* Pods-SKCameraDemo.release.xcconfig */ = {isa = PBXFileReference; includeInIndex = 1; lastKnownFileType = text.xcconfig; name = "Pods-SKCameraDemo.release.xcconfig"; path = "Pods/Target Support Files/Pods-SKCameraDemo/Pods-SKCameraDemo.release.xcconfig"; sourceTree = "<group>"; };
		333075403BEF118E76C5A876 /* Pods-SKCameraDemo.debug.xcconfig */ = {isa = PBXFileReference; includeInIndex = 1; lastKnownFileType = text.xcconfig; name = "Pods-SKCameraDemo.debug.xcconfig"; path = "Pods/Target Support Files/Pods-SKCameraDemo/Pods-SKCameraDemo.debug.xcconfig"; sourceTree = "<group>"; };
		B3590D02F506CE9DC1F8BBE3 /* libPods-SKCameraDemo.a */ = {isa = PBXFileReference; explicitFileType = archive.ar; includeInIndex = 0; path = "libPods-SKCameraDemo.a"; sourceTree = BUILT_PRODUCTS_DIR; };
		BC03F10E1ED58D3D00F49585 /* VideoPlayViewController.h */ = {isa = PBXFileReference; fileEncoding = 4; lastKnownFileType = sourcecode.c.h; path = VideoPlayViewController.h; sourceTree = "<group>"; };
		BC03F10F1ED58D3D00F49585 /* VideoPlayViewController.m */ = {isa = PBXFileReference; fileEncoding = 4; lastKnownFileType = sourcecode.c.objc; path = VideoPlayViewController.m; sourceTree = "<group>"; };
		BC15C1E21ECEC68A00CEF6F8 /* SKCameraDemo.app */ = {isa = PBXFileReference; explicitFileType = wrapper.application; includeInIndex = 0; path = SKCameraDemo.app; sourceTree = BUILT_PRODUCTS_DIR; };
		BC15C1E61ECEC68A00CEF6F8 /* main.m */ = {isa = PBXFileReference; lastKnownFileType = sourcecode.c.objc; path = main.m; sourceTree = "<group>"; };
		BC15C1E81ECEC68A00CEF6F8 /* AppDelegate.h */ = {isa = PBXFileReference; lastKnownFileType = sourcecode.c.h; path = AppDelegate.h; sourceTree = "<group>"; };
		BC15C1E91ECEC68A00CEF6F8 /* AppDelegate.m */ = {isa = PBXFileReference; lastKnownFileType = sourcecode.c.objc; path = AppDelegate.m; sourceTree = "<group>"; };
		BC15C1EB1ECEC68A00CEF6F8 /* ViewController.h */ = {isa = PBXFileReference; lastKnownFileType = sourcecode.c.h; path = ViewController.h; sourceTree = "<group>"; };
		BC15C1EC1ECEC68A00CEF6F8 /* ViewController.m */ = {isa = PBXFileReference; lastKnownFileType = sourcecode.c.objc; path = ViewController.m; sourceTree = "<group>"; };
		BC15C1EF1ECEC68A00CEF6F8 /* Base */ = {isa = PBXFileReference; lastKnownFileType = file.storyboard; name = Base; path = Base.lproj/Main.storyboard; sourceTree = "<group>"; };
		BC15C1F11ECEC68A00CEF6F8 /* Assets.xcassets */ = {isa = PBXFileReference; lastKnownFileType = folder.assetcatalog; path = Assets.xcassets; sourceTree = "<group>"; };
		BC15C1F41ECEC68A00CEF6F8 /* Base */ = {isa = PBXFileReference; lastKnownFileType = file.storyboard; name = Base; path = Base.lproj/LaunchScreen.storyboard; sourceTree = "<group>"; };
		BC15C1F61ECEC68A00CEF6F8 /* Info.plist */ = {isa = PBXFileReference; lastKnownFileType = text.plist.xml; path = Info.plist; sourceTree = "<group>"; };
		BC15CAED1EFBC67700FFAFEF /* UIImage+Utils.h */ = {isa = PBXFileReference; fileEncoding = 4; lastKnownFileType = sourcecode.c.h; path = "UIImage+Utils.h"; sourceTree = "<group>"; };
		BC15CAEE1EFBC67700FFAFEF /* UIImage+Utils.m */ = {isa = PBXFileReference; fileEncoding = 4; lastKnownFileType = sourcecode.c.objc; path = "UIImage+Utils.m"; sourceTree = "<group>"; };
		BC15CAF01EFBC7C500FFAFEF /* SKCamera+Helper.h */ = {isa = PBXFileReference; fileEncoding = 4; lastKnownFileType = sourcecode.c.h; path = "SKCamera+Helper.h"; sourceTree = "<group>"; };
		BC15CAF11EFBC7C500FFAFEF /* SKCamera+Helper.m */ = {isa = PBXFileReference; fileEncoding = 4; lastKnownFileType = sourcecode.c.objc; path = "SKCamera+Helper.m"; sourceTree = "<group>"; };
		BC29A95C1ED6E1ED00802435 /* UIButton+PreventMultipleClicks.h */ = {isa = PBXFileReference; fileEncoding = 4; lastKnownFileType = sourcecode.c.h; path = "UIButton+PreventMultipleClicks.h"; sourceTree = "<group>"; };
		BC29A95D1ED6E1ED00802435 /* UIButton+PreventMultipleClicks.m */ = {isa = PBXFileReference; fileEncoding = 4; lastKnownFileType = sourcecode.c.objc; path = "UIButton+PreventMultipleClicks.m"; sourceTree = "<group>"; };
		BC29A95F1ED6E61500802435 /* SKButton.h */ = {isa = PBXFileReference; fileEncoding = 4; lastKnownFileType = sourcecode.c.h; path = SKButton.h; sourceTree = "<group>"; };
		BC29A9601ED6E61500802435 /* SKButton.m */ = {isa = PBXFileReference; fileEncoding = 4; lastKnownFileType = sourcecode.c.objc; path = SKButton.m; sourceTree = "<group>"; };
		BCED35031ED2C0B9000AD97F /* RecordViewController.h */ = {isa = PBXFileReference; fileEncoding = 4; lastKnownFileType = sourcecode.c.h; path = RecordViewController.h; sourceTree = "<group>"; };
		BCED35041ED2C0B9000AD97F /* RecordViewController.m */ = {isa = PBXFileReference; fileEncoding = 4; lastKnownFileType = sourcecode.c.objc; path = RecordViewController.m; sourceTree = "<group>"; };
		BCED35091ED2E05D000AD97F /* CircleProgressView.h */ = {isa = PBXFileReference; fileEncoding = 4; lastKnownFileType = sourcecode.c.h; path = CircleProgressView.h; sourceTree = "<group>"; };
		BCED350A1ED2E05D000AD97F /* CircleProgressView.m */ = {isa = PBXFileReference; fileEncoding = 4; lastKnownFileType = sourcecode.c.objc; path = CircleProgressView.m; sourceTree = "<group>"; };
		BCED350F1ED2E911000AD97F /* SKCamera.h */ = {isa = PBXFileReference; fileEncoding = 4; lastKnownFileType = sourcecode.c.h; path = SKCamera.h; sourceTree = "<group>"; };
		BCED35101ED2E911000AD97F /* SKCamera.m */ = {isa = PBXFileReference; fileEncoding = 4; lastKnownFileType = sourcecode.c.objc; path = SKCamera.m; sourceTree = "<group>"; };
		BCED35341ED2EBE6000AD97F /* PrefixHeader.pch */ = {isa = PBXFileReference; fileEncoding = 4; lastKnownFileType = sourcecode.c.h; path = PrefixHeader.pch; sourceTree = "<group>"; };
		BCED353B1ED2EE33000AD97F /* ViewUtils.h */ = {isa = PBXFileReference; fileEncoding = 4; lastKnownFileType = sourcecode.c.h; path = ViewUtils.h; sourceTree = "<group>"; };
		BCED353C1ED2EE33000AD97F /* ViewUtils.m */ = {isa = PBXFileReference; fileEncoding = 4; lastKnownFileType = sourcecode.c.objc; path = ViewUtils.m; sourceTree = "<group>"; };
		BCED353E1ED2F22D000AD97F /* BaseMacro.h */ = {isa = PBXFileReference; fileEncoding = 4; lastKnownFileType = sourcecode.c.h; path = BaseMacro.h; sourceTree = "<group>"; };
		BCED353F1ED2F77B000AD97F /* TopControlView.h */ = {isa = PBXFileReference; fileEncoding = 4; lastKnownFileType = sourcecode.c.h; path = TopControlView.h; sourceTree = "<group>"; };
		BCED35401ED2F77B000AD97F /* TopControlView.m */ = {isa = PBXFileReference; fileEncoding = 4; lastKnownFileType = sourcecode.c.objc; path = TopControlView.m; sourceTree = "<group>"; };
		BCED35451ED2F7DA000AD97F /* BottomControlView.h */ = {isa = PBXFileReference; fileEncoding = 4; lastKnownFileType = sourcecode.c.h; path = BottomControlView.h; sourceTree = "<group>"; };
		BCED35461ED2F7DA000AD97F /* BottomControlView.m */ = {isa = PBXFileReference; fileEncoding = 4; lastKnownFileType = sourcecode.c.objc; path = BottomControlView.m; sourceTree = "<group>"; };
		BCF9D5851F0CB8F000FFBE58 /* CALayer+ControlAnimation.h */ = {isa = PBXFileReference; fileEncoding = 4; lastKnownFileType = sourcecode.c.h; path = "CALayer+ControlAnimation.h"; sourceTree = "<group>"; };
		BCF9D5861F0CB8F000FFBE58 /* CALayer+ControlAnimation.m */ = {isa = PBXFileReference; fileEncoding = 4; lastKnownFileType = sourcecode.c.objc; path = "CALayer+ControlAnimation.m"; sourceTree = "<group>"; };
/* End PBXFileReference section */

/* Begin PBXFrameworksBuildPhase section */
		BC15C1DF1ECEC68A00CEF6F8 /* Frameworks */ = {
			isa = PBXFrameworksBuildPhase;
			buildActionMask = 2147483647;
			files = (
				DA8318F53FA2BE638A2C4490 /* libPods-SKCameraDemo.a in Frameworks */,
			);
			runOnlyForDeploymentPostprocessing = 0;
		};
/* End PBXFrameworksBuildPhase section */

/* Begin PBXGroup section */
		6CA97EEB0C5E711BFF344C53 /* Frameworks */ = {
			isa = PBXGroup;
			children = (
				B3590D02F506CE9DC1F8BBE3 /* libPods-SKCameraDemo.a */,
			);
			name = Frameworks;
			sourceTree = "<group>";
		};
		B834E692D7B679363E4B8E7B /* Pods */ = {
			isa = PBXGroup;
			children = (
				333075403BEF118E76C5A876 /* Pods-SKCameraDemo.debug.xcconfig */,
				1D3DA436879F426EB90DDE82 /* Pods-SKCameraDemo.release.xcconfig */,
			);
			name = Pods;
			sourceTree = "<group>";
		};
		BC15C1D91ECEC68A00CEF6F8 = {
			isa = PBXGroup;
			children = (
				BC15C1E41ECEC68A00CEF6F8 /* SKCameraDemo */,
				BC15C1E31ECEC68A00CEF6F8 /* Products */,
				B834E692D7B679363E4B8E7B /* Pods */,
				6CA97EEB0C5E711BFF344C53 /* Frameworks */,
			);
			sourceTree = "<group>";
		};
		BC15C1E31ECEC68A00CEF6F8 /* Products */ = {
			isa = PBXGroup;
			children = (
				BC15C1E21ECEC68A00CEF6F8 /* SKCameraDemo.app */,
			);
			name = Products;
			sourceTree = "<group>";
		};
		BC15C1E41ECEC68A00CEF6F8 /* SKCameraDemo */ = {
			isa = PBXGroup;
			children = (
				BC15C1E81ECEC68A00CEF6F8 /* AppDelegate.h */,
				BC15C1E91ECEC68A00CEF6F8 /* AppDelegate.m */,
				BCED350C1ED2E911000AD97F /* SKCamera */,
				BCED34FC1ED2AE31000AD97F /* Main */,
				BCED352A1ED2EB92000AD97F /* Utils */,
				BC15C1FD1ECECEE200CEF6F8 /* Other */,
				BCED34F51ED2AB3D000AD97F /* Vendor */,
				BC15C1E51ECEC68A00CEF6F8 /* Supporting Files */,
			);
			path = SKCameraDemo;
			sourceTree = "<group>";
		};
		BC15C1E51ECEC68A00CEF6F8 /* Supporting Files */ = {
			isa = PBXGroup;
			children = (
				BC15C1E61ECEC68A00CEF6F8 /* main.m */,
			);
			path = "Supporting Files";
			sourceTree = "<group>";
		};
		BC15C1FD1ECECEE200CEF6F8 /* Other */ = {
			isa = PBXGroup;
			children = (
				BC15C1F11ECEC68A00CEF6F8 /* Assets.xcassets */,
				BC15C1F61ECEC68A00CEF6F8 /* Info.plist */,
				BC15C1F31ECEC68A00CEF6F8 /* LaunchScreen.storyboard */,
				BC15C1EE1ECEC68A00CEF6F8 /* Main.storyboard */,
				BC15C1EB1ECEC68A00CEF6F8 /* ViewController.h */,
				BC15C1EC1ECEC68A00CEF6F8 /* ViewController.m */,
				BCED35341ED2EBE6000AD97F /* PrefixHeader.pch */,
				BCED353E1ED2F22D000AD97F /* BaseMacro.h */,
			);
			path = Other;
			sourceTree = "<group>";
		};
		BCED34F51ED2AB3D000AD97F /* Vendor */ = {
			isa = PBXGroup;
			children = (
			);
			path = Vendor;
			sourceTree = "<group>";
		};
		BCED34FC1ED2AE31000AD97F /* Main */ = {
			isa = PBXGroup;
			children = (
				BCED34FD1ED2AE3A000AD97F /* Controllers */,
				BCED34FF1ED2B569000AD97F /* Views */,
			);
			path = Main;
			sourceTree = "<group>";
		};
		BCED34FD1ED2AE3A000AD97F /* Controllers */ = {
			isa = PBXGroup;
			children = (
				BCED35031ED2C0B9000AD97F /* RecordViewController.h */,
				BCED35041ED2C0B9000AD97F /* RecordViewController.m */,
				BC03F10E1ED58D3D00F49585 /* VideoPlayViewController.h */,
				BC03F10F1ED58D3D00F49585 /* VideoPlayViewController.m */,
			);
			path = Controllers;
			sourceTree = "<group>";
		};
		BCED34FF1ED2B569000AD97F /* Views */ = {
			isa = PBXGroup;
			children = (
				BCED35091ED2E05D000AD97F /* CircleProgressView.h */,
				BCED350A1ED2E05D000AD97F /* CircleProgressView.m */,
				BCF9D5851F0CB8F000FFBE58 /* CALayer+ControlAnimation.h */,
				BCF9D5861F0CB8F000FFBE58 /* CALayer+ControlAnimation.m */,
				BCED353F1ED2F77B000AD97F /* TopControlView.h */,
				BCED35401ED2F77B000AD97F /* TopControlView.m */,
				BCED35451ED2F7DA000AD97F /* BottomControlView.h */,
				BCED35461ED2F7DA000AD97F /* BottomControlView.m */,
			);
			path = Views;
			sourceTree = "<group>";
		};
		BCED350C1ED2E911000AD97F /* SKCamera */ = {
			isa = PBXGroup;
			children = (
				BCED350F1ED2E911000AD97F /* SKCamera.h */,
				BCED35101ED2E911000AD97F /* SKCamera.m */,
				BC15CAED1EFBC67700FFAFEF /* UIImage+Utils.h */,
				BC15CAEE1EFBC67700FFAFEF /* UIImage+Utils.m */,
				BC15CAF01EFBC7C500FFAFEF /* SKCamera+Helper.h */,
				BC15CAF11EFBC7C500FFAFEF /* SKCamera+Helper.m */,
			);
			path = SKCamera;
			sourceTree = "<group>";
		};
		BCED352A1ED2EB92000AD97F /* Utils */ = {
			isa = PBXGroup;
			children = (
				BC29A95C1ED6E1ED00802435 /* UIButton+PreventMultipleClicks.h */,
				BC29A95D1ED6E1ED00802435 /* UIButton+PreventMultipleClicks.m */,
				BC29A95F1ED6E61500802435 /* SKButton.h */,
				BC29A9601ED6E61500802435 /* SKButton.m */,
				BCED353B1ED2EE33000AD97F /* ViewUtils.h */,
				BCED353C1ED2EE33000AD97F /* ViewUtils.m */,
			);
			path = Utils;
			sourceTree = "<group>";
		};
/* End PBXGroup section */

/* Begin PBXNativeTarget section */
		BC15C1E11ECEC68A00CEF6F8 /* SKCameraDemo */ = {
			isa = PBXNativeTarget;
			buildConfigurationList = BC15C1F91ECEC68A00CEF6F8 /* Build configuration list for PBXNativeTarget "SKCameraDemo" */;
			buildPhases = (
				5D095AF0AB0B398E11053B60 /* [CP] Check Pods Manifest.lock */,
				BC15C1DE1ECEC68A00CEF6F8 /* Sources */,
				BC15C1DF1ECEC68A00CEF6F8 /* Frameworks */,
				BC15C1E01ECEC68A00CEF6F8 /* Resources */,
				4A392A1E37CF594BD5C23D26 /* [CP] Embed Pods Frameworks */,
				ECB655D47EEAEFFE00A55F3B /* [CP] Copy Pods Resources */,
			);
			buildRules = (
			);
			dependencies = (
			);
			name = SKCameraDemo;
			productName = SKCameraDemo;
			productReference = BC15C1E21ECEC68A00CEF6F8 /* SKCameraDemo.app */;
			productType = "com.apple.product-type.application";
		};
/* End PBXNativeTarget section */

/* Begin PBXProject section */
		BC15C1DA1ECEC68A00CEF6F8 /* Project object */ = {
			isa = PBXProject;
			attributes = {
				LastUpgradeCheck = 0820;
				ORGANIZATIONNAME = lemon;
				TargetAttributes = {
					BC15C1E11ECEC68A00CEF6F8 = {
						CreatedOnToolsVersion = 8.2.1;
						DevelopmentTeam = LH66V26Z7L;
						ProvisioningStyle = Automatic;
					};
				};
			};
			buildConfigurationList = BC15C1DD1ECEC68A00CEF6F8 /* Build configuration list for PBXProject "SKCameraDemo" */;
			compatibilityVersion = "Xcode 3.2";
			developmentRegion = English;
			hasScannedForEncodings = 0;
			knownRegions = (
				en,
				Base,
			);
			mainGroup = BC15C1D91ECEC68A00CEF6F8;
			productRefGroup = BC15C1E31ECEC68A00CEF6F8 /* Products */;
			projectDirPath = "";
			projectRoot = "";
			targets = (
				BC15C1E11ECEC68A00CEF6F8 /* SKCameraDemo */,
			);
		};
/* End PBXProject section */

/* Begin PBXResourcesBuildPhase section */
		BC15C1E01ECEC68A00CEF6F8 /* Resources */ = {
			isa = PBXResourcesBuildPhase;
			buildActionMask = 2147483647;
			files = (
				BC15C1F51ECEC68A00CEF6F8 /* LaunchScreen.storyboard in Resources */,
				BC15C1F21ECEC68A00CEF6F8 /* Assets.xcassets in Resources */,
				BC15C1F01ECEC68A00CEF6F8 /* Main.storyboard in Resources */,
			);
			runOnlyForDeploymentPostprocessing = 0;
		};
/* End PBXResourcesBuildPhase section */

/* Begin PBXShellScriptBuildPhase section */
		4A392A1E37CF594BD5C23D26 /* [CP] Embed Pods Frameworks */ = {
			isa = PBXShellScriptBuildPhase;
			buildActionMask = 2147483647;
			files = (
			);
			inputPaths = (
			);
			name = "[CP] Embed Pods Frameworks";
			outputPaths = (
			);
			runOnlyForDeploymentPostprocessing = 0;
			shellPath = /bin/sh;
			shellScript = "\"${SRCROOT}/Pods/Target Support Files/Pods-SKCameraDemo/Pods-SKCameraDemo-frameworks.sh\"\n";
			showEnvVarsInLog = 0;
		};
		5D095AF0AB0B398E11053B60 /* [CP] Check Pods Manifest.lock */ = {
			isa = PBXShellScriptBuildPhase;
			buildActionMask = 2147483647;
			files = (
			);
			inputPaths = (
			);
			name = "[CP] Check Pods Manifest.lock";
			outputPaths = (
			);
			runOnlyForDeploymentPostprocessing = 0;
			shellPath = /bin/sh;
			shellScript = "diff \"${PODS_ROOT}/../Podfile.lock\" \"${PODS_ROOT}/Manifest.lock\" > /dev/null\nif [ $? != 0 ] ; then\n    # print error to STDERR\n    echo \"error: The sandbox is not in sync with the Podfile.lock. Run 'pod install' or update your CocoaPods installation.\" >&2\n    exit 1\nfi\n";
			showEnvVarsInLog = 0;
		};
		ECB655D47EEAEFFE00A55F3B /* [CP] Copy Pods Resources */ = {
			isa = PBXShellScriptBuildPhase;
			buildActionMask = 2147483647;
			files = (
			);
			inputPaths = (
			);
			name = "[CP] Copy Pods Resources";
			outputPaths = (
			);
			runOnlyForDeploymentPostprocessing = 0;
			shellPath = /bin/sh;
			shellScript = "\"${SRCROOT}/Pods/Target Support Files/Pods-SKCameraDemo/Pods-SKCameraDemo-resources.sh\"\n";
			showEnvVarsInLog = 0;
		};
/* End PBXShellScriptBuildPhase section */

/* Begin PBXSourcesBuildPhase section */
		BC15C1DE1ECEC68A00CEF6F8 /* Sources */ = {
			isa = PBXSourcesBuildPhase;
			buildActionMask = 2147483647;
			files = (
				BC15C1ED1ECEC68A00CEF6F8 /* ViewController.m in Sources */,
				BC15C1EA1ECEC68A00CEF6F8 /* AppDelegate.m in Sources */,
				BCF9D5871F0CB8F000FFBE58 /* CALayer+ControlAnimation.m in Sources */,
				BC29A95E1ED6E1ED00802435 /* UIButton+PreventMultipleClicks.m in Sources */,
				BC03F1101ED58D3D00F49585 /* VideoPlayViewController.m in Sources */,
				BCED353D1ED2EE33000AD97F /* ViewUtils.m in Sources */,
				BC15CAEF1EFBC67700FFAFEF /* UIImage+Utils.m in Sources */,
				BCED35411ED2F77B000AD97F /* TopControlView.m in Sources */,
				BC15C1E71ECEC68A00CEF6F8 /* main.m in Sources */,
				BC15CAF21EFBC7C500FFAFEF /* SKCamera+Helper.m in Sources */,
				BCED35051ED2C0B9000AD97F /* RecordViewController.m in Sources */,
				BCED35141ED2E911000AD97F /* SKCamera.m in Sources */,
				BCED35471ED2F7DA000AD97F /* BottomControlView.m in Sources */,
				BCED350B1ED2E05D000AD97F /* CircleProgressView.m in Sources */,
				BC29A9611ED6E61500802435 /* SKButton.m in Sources */,
			);
			runOnlyForDeploymentPostprocessing = 0;
		};
/* End PBXSourcesBuildPhase section */

/* Begin PBXVariantGroup section */
		BC15C1EE1ECEC68A00CEF6F8 /* Main.storyboard */ = {
			isa = PBXVariantGroup;
			children = (
				BC15C1EF1ECEC68A00CEF6F8 /* Base */,
			);
			name = Main.storyboard;
			path = .;
			sourceTree = "<group>";
		};
		BC15C1F31ECEC68A00CEF6F8 /* LaunchScreen.storyboard */ = {
			isa = PBXVariantGroup;
			children = (
				BC15C1F41ECEC68A00CEF6F8 /* Base */,
			);
			name = LaunchScreen.storyboard;
			path = .;
			sourceTree = "<group>";
		};
/* End PBXVariantGroup section */

/* Begin XCBuildConfiguration section */
		BC15C1F71ECEC68A00CEF6F8 /* Debug */ = {
			isa = XCBuildConfiguration;
			buildSettings = {
				ALWAYS_SEARCH_USER_PATHS = NO;
				CLANG_ANALYZER_NONNULL = YES;
				CLANG_CXX_LANGUAGE_STANDARD = "gnu++0x";
				CLANG_CXX_LIBRARY = "libc++";
				CLANG_ENABLE_MODULES = YES;
				CLANG_ENABLE_OBJC_ARC = YES;
				CLANG_WARN_BOOL_CONVERSION = YES;
				CLANG_WARN_CONSTANT_CONVERSION = YES;
				CLANG_WARN_DIRECT_OBJC_ISA_USAGE = YES_ERROR;
				CLANG_WARN_DOCUMENTATION_COMMENTS = YES;
				CLANG_WARN_EMPTY_BODY = YES;
				CLANG_WARN_ENUM_CONVERSION = YES;
				CLANG_WARN_INFINITE_RECURSION = YES;
				CLANG_WARN_INT_CONVERSION = YES;
				CLANG_WARN_OBJC_ROOT_CLASS = YES_ERROR;
				CLANG_WARN_SUSPICIOUS_MOVE = YES;
				CLANG_WARN_UNREACHABLE_CODE = YES;
				CLANG_WARN__DUPLICATE_METHOD_MATCH = YES;
				"CODE_SIGN_IDENTITY[sdk=iphoneos*]" = "iPhone Developer";
				COPY_PHASE_STRIP = NO;
				DEBUG_INFORMATION_FORMAT = dwarf;
				ENABLE_STRICT_OBJC_MSGSEND = YES;
				ENABLE_TESTABILITY = YES;
				GCC_C_LANGUAGE_STANDARD = gnu99;
				GCC_DYNAMIC_NO_PIC = NO;
				GCC_NO_COMMON_BLOCKS = YES;
				GCC_OPTIMIZATION_LEVEL = 0;
				GCC_PREPROCESSOR_DEFINITIONS = (
					"DEBUG=1",
					"$(inherited)",
				);
				GCC_WARN_64_TO_32_BIT_CONVERSION = YES;
				GCC_WARN_ABOUT_RETURN_TYPE = YES_ERROR;
				GCC_WARN_UNDECLARED_SELECTOR = YES;
				GCC_WARN_UNINITIALIZED_AUTOS = YES_AGGRESSIVE;
				GCC_WARN_UNUSED_FUNCTION = YES;
				GCC_WARN_UNUSED_VARIABLE = YES;
				IPHONEOS_DEPLOYMENT_TARGET = 10.2;
				MTL_ENABLE_DEBUG_INFO = YES;
				ONLY_ACTIVE_ARCH = YES;
				SDKROOT = iphoneos;
			};
			name = Debug;
		};
		BC15C1F81ECEC68A00CEF6F8 /* Release */ = {
			isa = XCBuildConfiguration;
			buildSettings = {
				ALWAYS_SEARCH_USER_PATHS = NO;
				CLANG_ANALYZER_NONNULL = YES;
				CLANG_CXX_LANGUAGE_STANDARD = "gnu++0x";
				CLANG_CXX_LIBRARY = "libc++";
				CLANG_ENABLE_MODULES = YES;
				CLANG_ENABLE_OBJC_ARC = YES;
				CLANG_WARN_BOOL_CONVERSION = YES;
				CLANG_WARN_CONSTANT_CONVERSION = YES;
				CLANG_WARN_DIRECT_OBJC_ISA_USAGE = YES_ERROR;
				CLANG_WARN_DOCUMENTATION_COMMENTS = YES;
				CLANG_WARN_EMPTY_BODY = YES;
				CLANG_WARN_ENUM_CONVERSION = YES;
				CLANG_WARN_INFINITE_RECURSION = YES;
				CLANG_WARN_INT_CONVERSION = YES;
				CLANG_WARN_OBJC_ROOT_CLASS = YES_ERROR;
				CLANG_WARN_SUSPICIOUS_MOVE = YES;
				CLANG_WARN_UNREACHABLE_CODE = YES;
				CLANG_WARN__DUPLICATE_METHOD_MATCH = YES;
				"CODE_SIGN_IDENTITY[sdk=iphoneos*]" = "iPhone Developer";
				COPY_PHASE_STRIP = NO;
				DEBUG_INFORMATION_FORMAT = "dwarf-with-dsym";
				ENABLE_NS_ASSERTIONS = NO;
				ENABLE_STRICT_OBJC_MSGSEND = YES;
				GCC_C_LANGUAGE_STANDARD = gnu99;
				GCC_NO_COMMON_BLOCKS = YES;
				GCC_WARN_64_TO_32_BIT_CONVERSION = YES;
				GCC_WARN_ABOUT_RETURN_TYPE = YES_ERROR;
				GCC_WARN_UNDECLARED_SELECTOR = YES;
				GCC_WARN_UNINITIALIZED_AUTOS = YES_AGGRESSIVE;
				GCC_WARN_UNUSED_FUNCTION = YES;
				GCC_WARN_UNUSED_VARIABLE = YES;
				IPHONEOS_DEPLOYMENT_TARGET = 10.2;
				MTL_ENABLE_DEBUG_INFO = NO;
				SDKROOT = iphoneos;
				VALIDATE_PRODUCT = YES;
			};
			name = Release;
		};
		BC15C1FA1ECEC68A00CEF6F8 /* Debug */ = {
			isa = XCBuildConfiguration;
			baseConfigurationReference = 333075403BEF118E76C5A876 /* Pods-SKCameraDemo.debug.xcconfig */;
			buildSettings = {
				ASSETCATALOG_COMPILER_APPICON_NAME = AppIcon;
				DEVELOPMENT_TEAM = LH66V26Z7L;
				ENABLE_BITCODE = YES;
				GCC_PRECOMPILE_PREFIX_HEADER = YES;
				GCC_PREFIX_HEADER = "$(SRCROOT)/SKCameraDemo/Other/PrefixHeader.pch";
				INFOPLIST_FILE = SKCameraDemo/Other/Info.plist;
				IPHONEOS_DEPLOYMENT_TARGET = 9.0;
				LD_RUNPATH_SEARCH_PATHS = "$(inherited) @executable_path/Frameworks";
				PRODUCT_BUNDLE_IDENTIFIER = lemon.SKCameraDemo;
				PRODUCT_NAME = "$(TARGET_NAME)";
			};
			name = Debug;
		};
		BC15C1FB1ECEC68A00CEF6F8 /* Release */ = {
			isa = XCBuildConfiguration;
			baseConfigurationReference = 1D3DA436879F426EB90DDE82 /* Pods-SKCameraDemo.release.xcconfig */;
			buildSettings = {
				ASSETCATALOG_COMPILER_APPICON_NAME = AppIcon;
				DEVELOPMENT_TEAM = LH66V26Z7L;
				ENABLE_BITCODE = YES;
				GCC_PRECOMPILE_PREFIX_HEADER = YES;
				GCC_PREFIX_HEADER = "$(SRCROOT)/SKCameraDemo/Other/PrefixHeader.pch";
				INFOPLIST_FILE = SKCameraDemo/Other/Info.plist;
				IPHONEOS_DEPLOYMENT_TARGET = 9.0;
				LD_RUNPATH_SEARCH_PATHS = "$(inherited) @executable_path/Frameworks";
				PRODUCT_BUNDLE_IDENTIFIER = lemon.SKCameraDemo;
				PRODUCT_NAME = "$(TARGET_NAME)";
			};
			name = Release;
		};
/* End XCBuildConfiguration section */

/* Begin XCConfigurationList section */
		BC15C1DD1ECEC68A00CEF6F8 /* Build configuration list for PBXProject "SKCameraDemo" */ = {
			isa = XCConfigurationList;
			buildConfigurations = (
				BC15C1F71ECEC68A00CEF6F8 /* Debug */,
				BC15C1F81ECEC68A00CEF6F8 /* Release */,
			);
			defaultConfigurationIsVisible = 0;
			defaultConfigurationName = Release;
		};
		BC15C1F91ECEC68A00CEF6F8 /* Build configuration list for PBXNativeTarget "SKCameraDemo" */ = {
			isa = XCConfigurationList;
			buildConfigurations = (
				BC15C1FA1ECEC68A00CEF6F8 /* Debug */,
				BC15C1FB1ECEC68A00CEF6F8 /* Release */,
			);
			defaultConfigurationIsVisible = 0;
			defaultConfigurationName = Release;
		};
/* End XCConfigurationList section */
	};
	rootObject = BC15C1DA1ECEC68A00CEF6F8 /* Project object */;
}
